
Microsoft Visual Studio Solution File, Format Version 11.00
# Visual Studio 2010
Project("{FAE04EC0-301F-11D3-BF4B-00C04F79EFBC}") = "Assembly-CSharp", "Assembly-CSharp.csproj", "{c49e8fe4-bec3-048b-6c30-d2efd74eb45d}"
EndProject
Project("{FAE04EC0-301F-11D3-BF4B-00C04F79EFBC}") = "Assembly-CSharp-firstpass", "Assembly-CSharp-firstpass.csproj", "{109698bb-2002-b5b5-4054-71f7574e6dac}"
EndProject
Global
	GlobalSection(SolutionConfigurationPlatforms) = preSolution
		Debug|Any CPU = Debug|Any CPU
	EndGlobalSection
	GlobalSection(ProjectConfigurationPlatforms) = postSolution
		{c49e8fe4-bec3-048b-6c30-d2efd74eb45d}.Debug|Any CPU.ActiveCfg = Debug|Any CPU
		{c49e8fe4-bec3-048b-6c30-d2efd74eb45d}.Debug|Any CPU.Build.0 = Debug|Any CPU
		{109698bb-2002-b5b5-4054-71f7574e6dac}.Debug|Any CPU.ActiveCfg = Debug|Any CPU
		{109698bb-2002-b5b5-4054-71f7574e6dac}.Debug|Any CPU.Build.0 = Debug|Any CPU
	EndGlobalSection
	GlobalSection(SolutionProperties) = preSolution
		HideSolutionNode = FALSE
	EndGlobalSection
EndGlobal
